
Microsoft Visual Studio Solution File, Format Version 12.00
# Visual Studio Version 16
VisualStudioVersion = 16.0.29806.167
MinimumVisualStudioVersion = 10.0.40219.1
Project("{9A19103F-16F7-4668-BE54-9A1E7A4F7556}") = "API", "API\API.csproj", "{3E109424-FCA2-4FF7-9FFC-690D065F1DA2}"
EndProject
Project("{FAE04EC0-301F-11D3-BF4B-00C04F79EFBC}") = "EverixAPIClient", "EverixAPIClient\EverixAPIClient.csproj", "{D8AF0A41-FA6D-490A-BCEB-084BD0F127ED}"
EndProject
Global
	GlobalSection(SolutionConfigurationPlatforms) = preSolution
		Debug|Any CPU = Debug|Any CPU
		Release|Any CPU = Release|Any CPU
	EndGlobalSection
	GlobalSection(ProjectConfigurationPlatforms) = postSolution
		{3E109424-FCA2-4FF7-9FFC-690D065F1DA2}.Debug|Any CPU.ActiveCfg = Debug|Any CPU
		{3E109424-FCA2-4FF7-9FFC-690D065F1DA2}.Debug|Any CPU.Build.0 = Debug|Any CPU
		{3E109424-FCA2-4FF7-9FFC-690D065F1DA2}.Release|Any CPU.ActiveCfg = Release|Any CPU
		{3E109424-FCA2-4FF7-9FFC-690D065F1DA2}.Release|Any CPU.Build.0 = Release|Any CPU
		{D8AF0A41-FA6D-490A-BCEB-084BD0F127ED}.Debug|Any CPU.ActiveCfg = Debug|Any CPU
		{D8AF0A41-FA6D-490A-BCEB-084BD0F127ED}.Debug|Any CPU.Build.0 = Debug|Any CPU
		{D8AF0A41-FA6D-490A-BCEB-084BD0F127ED}.Release|Any CPU.ActiveCfg = Release|Any CPU
		{D8AF0A41-FA6D-490A-BCEB-084BD0F127ED}.Release|Any CPU.Build.0 = Release|Any CPU
	EndGlobalSection
	GlobalSection(SolutionProperties) = preSolution
		HideSolutionNode = FALSE
	EndGlobalSection
	GlobalSection(ExtensibilityGlobals) = postSolution
		SolutionGuid = {D4F706AA-6B22-47D8-8D61-2DA46A3A2928}
	EndGlobalSection
EndGlobal
